
Microsoft Visual Studio Solution File, Format Version 12.00
# Visual Studio Version 16
VisualStudioVersion = 16.0.29806.167
MinimumVisualStudioVersion = 10.0.40219.1
Project("{FAE04EC0-301F-11D3-BF4B-00C04F79EFBC}") = "Online_Courses_Core", "Online_Courses_Core\Online_Courses_Core.csproj", "{763646B9-220F-43C3-B9B0-F5A4C95E95D2}"
EndProject
Global
	GlobalSection(SolutionConfigurationPlatforms) = preSolution
		Debug|Any CPU = Debug|Any CPU
		Release|Any CPU = Release|Any CPU
	EndGlobalSection
	GlobalSection(ProjectConfigurationPlatforms) = postSolution
		{763646B9-220F-43C3-B9B0-F5A4C95E95D2}.Debug|Any CPU.ActiveCfg = Debug|Any CPU
		{763646B9-220F-43C3-B9B0-F5A4C95E95D2}.Debug|Any CPU.Build.0 = Debug|Any CPU
		{763646B9-220F-43C3-B9B0-F5A4C95E95D2}.Release|Any CPU.ActiveCfg = Release|Any CPU
		{763646B9-220F-43C3-B9B0-F5A4C95E95D2}.Release|Any CPU.Build.0 = Release|Any CPU
	EndGlobalSection
	GlobalSection(SolutionProperties) = preSolution
		HideSolutionNode = FALSE
	EndGlobalSection
	GlobalSection(ExtensibilityGlobals) = postSolution
		SolutionGuid = {D9F6C9C5-B53C-4DED-8875-67C4258D1B32}
	EndGlobalSection
EndGlobal
